
Microsoft Visual Studio Solution File, Format Version 12.00
# Visual Studio 15
VisualStudioVersion = 15.0.28307.421
MinimumVisualStudioVersion = 10.0.40219.1
Project("{FAE04EC0-301F-11D3-BF4B-00C04F79EFBC}") = "ExceptionAnalyzer", "ExceptionAnalyzer\ExceptionAnalyzer\ExceptionAnalyzer.csproj", "{63D7019E-A150-4E38-A8AB-B72613DDBDA5}"
EndProject
Project("{FAE04EC0-301F-11D3-BF4B-00C04F79EFBC}") = "ExceptionAnalyzer.Test", "ExceptionAnalyzer\ExceptionAnalyzer.Test\ExceptionAnalyzer.Test.csproj", "{CCAF2BB1-EE32-4202-A936-8E7F3C7DCEAA}"
EndProject
Project("{FAE04EC0-301F-11D3-BF4B-00C04F79EFBC}") = "ExceptionAnalyzer.Vsix", "ExceptionAnalyzer\ExceptionAnalyzer.Vsix\ExceptionAnalyzer.Vsix.csproj", "{BC3658A4-1AFF-481D-AEF9-973BF43443E4}"
EndProject
Global
	GlobalSection(SolutionConfigurationPlatforms) = preSolution
		Debug|Any CPU = Debug|Any CPU
		Release|Any CPU = Release|Any CPU
	EndGlobalSection
	GlobalSection(ProjectConfigurationPlatforms) = postSolution
		{63D7019E-A150-4E38-A8AB-B72613DDBDA5}.Debug|Any CPU.ActiveCfg = Debug|Any CPU
		{63D7019E-A150-4E38-A8AB-B72613DDBDA5}.Debug|Any CPU.Build.0 = Debug|Any CPU
		{63D7019E-A150-4E38-A8AB-B72613DDBDA5}.Release|Any CPU.ActiveCfg = Release|Any CPU
		{63D7019E-A150-4E38-A8AB-B72613DDBDA5}.Release|Any CPU.Build.0 = Release|Any CPU
		{CCAF2BB1-EE32-4202-A936-8E7F3C7DCEAA}.Debug|Any CPU.ActiveCfg = Debug|Any CPU
		{CCAF2BB1-EE32-4202-A936-8E7F3C7DCEAA}.Debug|Any CPU.Build.0 = Debug|Any CPU
		{CCAF2BB1-EE32-4202-A936-8E7F3C7DCEAA}.Release|Any CPU.ActiveCfg = Release|Any CPU
		{CCAF2BB1-EE32-4202-A936-8E7F3C7DCEAA}.Release|Any CPU.Build.0 = Release|Any CPU
		{BC3658A4-1AFF-481D-AEF9-973BF43443E4}.Debug|Any CPU.ActiveCfg = Debug|Any CPU
		{BC3658A4-1AFF-481D-AEF9-973BF43443E4}.Debug|Any CPU.Build.0 = Debug|Any CPU
		{BC3658A4-1AFF-481D-AEF9-973BF43443E4}.Release|Any CPU.ActiveCfg = Release|Any CPU
		{BC3658A4-1AFF-481D-AEF9-973BF43443E4}.Release|Any CPU.Build.0 = Release|Any CPU
	EndGlobalSection
	GlobalSection(SolutionProperties) = preSolution
		HideSolutionNode = FALSE
	EndGlobalSection
	GlobalSection(ExtensibilityGlobals) = postSolution
		SolutionGuid = {DA337A08-EB34-42C7-93B5-3AE1FBD6DBE4}
	EndGlobalSection
EndGlobal
